<?xml version="1.0" encoding="utf-8"?>
<Project ToolsVersion="15.0" xmlns="http://schemas.microsoft.com/developer/msbuild/2003">
  <ItemGroup>
    <ClCompile Include="E:\ss-msvc\src\Libraries\2D\Source\bit.c">
      <Filter>Source Files</Filter>
    </ClCompile>
    <ClCompile Include="E:\ss-msvc\src\Libraries\2D\Source\bitmap.c">
      <Filter>Source Files</Filter>
    </ClCompile>
    <ClCompile Include="E:\ss-msvc\src\Libraries\2D\Source\blend.c">
      <Filter>Source Files</Filter>
    </ClCompile>
    <ClCompile Include="E:\ss-msvc\src\Libraries\2D\Source\buffer.c">
      <Filter>Source Files</Filter>
    </ClCompile>
    <ClCompile Include="E:\ss-msvc\src\Libraries\2D\Source\canvas.c">
      <Filter>Source Files</Filter>
    </ClCompile>
    <ClCompile Include="E:\ss-msvc\src\Libraries\2D\Source\chain.c">
      <Filter>Source Files</Filter>
    </ClCompile>
    <ClCompile Include="E:\ss-msvc\src\Libraries\2D\Source\ChnFuncs.c">
      <Filter>Source Files</Filter>
    </ClCompile>
    <ClCompile Include="E:\ss-msvc\src\Libraries\2D\Source\chrsiz.c">
      <Filter>Source Files</Filter>
    </ClCompile>
    <ClCompile Include="E:\ss-msvc\src\Libraries\2D\Source\chrwid.c">
      <Filter>Source Files</Filter>
    </ClCompile>
    <ClCompile Include="E:\ss-msvc\src\Libraries\2D\Source\close.c">
      <Filter>Source Files</Filter>
    </ClCompile>
    <ClCompile Include="E:\ss-msvc\src\Libraries\2D\Source\cnvtab.c">
      <Filter>Source Files</Filter>
    </ClCompile>
    <ClCompile Include="E:\ss-msvc\src\Libraries\2D\Source\context.c">
      <Filter>Source Files</Filter>
    </ClCompile>
    <ClCompile Include="E:\ss-msvc\src\Libraries\2D\Source\detect.c">
      <Filter>Source Files</Filter>
    </ClCompile>
    <ClCompile Include="E:\ss-msvc\src\Libraries\2D\Source\devtab.c">
      <Filter>Source Files</Filter>
    </ClCompile>
    <ClCompile Include="E:\ss-msvc\src\Libraries\2D\Source\fcntab.c">
      <Filter>Source Files</Filter>
    </ClCompile>
    <ClCompile Include="E:\ss-msvc\src\Libraries\2D\Source\init.c">
      <Filter>Source Files</Filter>
    </ClCompile>
    <ClCompile Include="E:\ss-msvc\src\Libraries\2D\Source\invtab.c">
      <Filter>Source Files</Filter>
    </ClCompile>
    <ClCompile Include="E:\ss-msvc\src\Libraries\2D\Source\lintab.c">
      <Filter>Source Files</Filter>
    </ClCompile>
    <ClCompile Include="E:\ss-msvc\src\Libraries\2D\Source\mode.c">
      <Filter>Source Files</Filter>
    </ClCompile>
    <ClCompile Include="E:\ss-msvc\src\Libraries\2D\Source\pal.c">
      <Filter>Source Files</Filter>
    </ClCompile>
    <ClCompile Include="E:\ss-msvc\src\Libraries\2D\Source\permap.c">
      <Filter>Source Files</Filter>
    </ClCompile>
    <ClCompile Include="E:\ss-msvc\src\Libraries\2D\Source\persetup.c">
      <Filter>Source Files</Filter>
    </ClCompile>
    <ClCompile Include="E:\ss-msvc\src\Libraries\2D\Source\pertol.c">
      <Filter>Source Files</Filter>
    </ClCompile>
    <ClCompile Include="E:\ss-msvc\src\Libraries\2D\Source\pixfill.c">
      <Filter>Source Files</Filter>
    </ClCompile>
    <ClCompile Include="E:\ss-msvc\src\Libraries\2D\Source\rgb.c">
      <Filter>Source Files</Filter>
    </ClCompile>
    <ClCompile Include="E:\ss-msvc\src\Libraries\2D\Source\screen.c">
      <Filter>Source Files</Filter>
    </ClCompile>
    <ClCompile Include="E:\ss-msvc\src\Libraries\2D\Source\sscrn.c">
      <Filter>Source Files</Filter>
    </ClCompile>
    <ClCompile Include="E:\ss-msvc\src\Libraries\2D\Source\StateStk.c">
      <Filter>Source Files</Filter>
    </ClCompile>
    <ClCompile Include="E:\ss-msvc\src\Libraries\2D\Source\strnsiz.c">
      <Filter>Source Files</Filter>
    </ClCompile>
    <ClCompile Include="E:\ss-msvc\src\Libraries\2D\Source\strscl.c">
      <Filter>Source Files</Filter>
    </ClCompile>
    <ClCompile Include="E:\ss-msvc\src\Libraries\2D\Source\strsiz.c">
      <Filter>Source Files</Filter>
    </ClCompile>
    <ClCompile Include="E:\ss-msvc\src\Libraries\2D\Source\struscl.c">
      <Filter>Source Files</Filter>
    </ClCompile>
    <ClCompile Include="E:\ss-msvc\src\Libraries\2D\Source\strwid.c">
      <Filter>Source Files</Filter>
    </ClCompile>
    <ClCompile Include="E:\ss-msvc\src\Libraries\2D\Source\strwrap.c">
      <Filter>Source Files</Filter>
    </ClCompile>
    <ClCompile Include="E:\ss-msvc\src\Libraries\2D\Source\svgainit.c">
      <Filter>Source Files</Filter>
    </ClCompile>
    <ClCompile Include="E:\ss-msvc\src\Libraries\2D\Source\tempbm.c">
      <Filter>Source Files</Filter>
    </ClCompile>
    <ClCompile Include="E:\ss-msvc\src\Libraries\2D\Source\temptm.c">
      <Filter>Source Files</Filter>
    </ClCompile>
    <ClCompile Include="E:\ss-msvc\src\Libraries\2D\Source\tlucdat.c">
      <Filter>Source Files</Filter>
    </ClCompile>
    <ClCompile Include="E:\ss-msvc\src\Libraries\2D\Source\tluctab.c">
      <Filter>Source Files</Filter>
    </ClCompile>
    <ClCompile Include="E:\ss-msvc\src\Libraries\2D\Source\valloc.c">
      <Filter>Source Files</Filter>
    </ClCompile>
    <ClCompile Include="E:\ss-msvc\src\Libraries\2D\Source\vtab.c">
      <Filter>Source Files</Filter>
    </ClCompile>
    <ClCompile Include="E:\ss-msvc\src\Libraries\2D\Source\wirpoly.c">
      <Filter>Source Files</Filter>
    </ClCompile>
    <ClCompile Include="E:\ss-msvc\src\Libraries\2D\Source\MacDev.c">
      <Filter>Source Files</Filter>
    </ClCompile>
    <ClCompile Include="E:\ss-msvc\src\Libraries\2D\Source\GR\grilin.c">
      <Filter>Source Files</Filter>
    </ClCompile>
    <ClCompile Include="E:\ss-msvc\src\Libraries\2D\Source\GR\grmalloc.c">
      <Filter>Source Files</Filter>
    </ClCompile>
    <ClCompile Include="E:\ss-msvc\src\Libraries\2D\Source\GR\grnull.c">
      <Filter>Source Files</Filter>
    </ClCompile>
    <ClCompile Include="E:\ss-msvc\src\Libraries\2D\Source\GR\gruilin.c">
      <Filter>Source Files</Filter>
    </ClCompile>
    <ClCompile Include="E:\ss-msvc\src\Libraries\2D\Source\GR\grd.c">
      <Filter>Source Files</Filter>
    </ClCompile>
    <ClCompile Include="E:\ss-msvc\src\Libraries\2D\Source\Gen\gendisk.c">
      <Filter>Source Files</Filter>
    </ClCompile>
    <ClCompile Include="E:\ss-msvc\src\Libraries\2D\Source\Gen\gentm.c">
      <Filter>Source Files</Filter>
    </ClCompile>
    <ClCompile Include="E:\ss-msvc\src\Libraries\2D\Source\Gen\genwclin.c">
      <Filter>Source Files</Filter>
    </ClCompile>
    <ClCompile Include="E:\ss-msvc\src\Libraries\2D\Source\Gen\genuclin.c">
      <Filter>Source Files</Filter>
    </ClCompile>
    <ClCompile Include="E:\ss-msvc\src\Libraries\2D\Source\Gen\genrsd8.c">
      <Filter>Source Files</Filter>
    </ClCompile>
    <ClCompile Include="E:\ss-msvc\src\Libraries\2D\Source\Gen\genuvlin.c">
      <Filter>Source Files</Filter>
    </ClCompile>
    <ClCompile Include="E:\ss-msvc\src\Libraries\2D\Source\Gen\genhlin.c">
      <Filter>Source Files</Filter>
    </ClCompile>
    <ClCompile Include="E:\ss-msvc\src\Libraries\2D\Source\Gen\genrsdbm.c">
      <Filter>Source Files</Filter>
    </ClCompile>
    <ClCompile Include="E:\ss-msvc\src\Libraries\2D\Source\Gen\genuchr.c">
      <Filter>Source Files</Filter>
    </ClCompile>
    <ClCompile Include="E:\ss-msvc\src\Libraries\2D\Source\Gen\genvlin.c">
      <Filter>Source Files</Filter>
    </ClCompile>
    <ClCompile Include="E:\ss-msvc\src\Libraries\2D\Source\Gen\genvcply.c">
      <Filter>Source Files</Filter>
    </ClCompile>
    <ClCompile Include="E:\ss-msvc\src\Libraries\2D\Source\Gen\genstr.c">
      <Filter>Source Files</Filter>
    </ClCompile>
    <ClCompile Include="E:\ss-msvc\src\Libraries\2D\Source\Gen\genclin.c">
      <Filter>Source Files</Filter>
    </ClCompile>
    <ClCompile Include="E:\ss-msvc\src\Libraries\2D\Source\Gen\genfl8c.c">
      <Filter>Source Files</Filter>
    </ClCompile>
    <ClCompile Include="E:\ss-msvc\src\Libraries\2D\Source\Gen\genrsdtm.c">
      <Filter>Source Files</Filter>
    </ClCompile>
    <ClCompile Include="E:\ss-msvc\src\Libraries\2D\Source\Gen\genel.c">
      <Filter>Source Files</Filter>
    </ClCompile>
    <ClCompile Include="E:\ss-msvc\src\Libraries\2D\Source\Gen\genchr.c">
      <Filter>Source Files</Filter>
    </ClCompile>
    <ClCompile Include="E:\ss-msvc\src\Libraries\2D\Source\Gen\genwlin.c">
      <Filter>Source Files</Filter>
    </ClCompile>
    <ClCompile Include="E:\ss-msvc\src\Libraries\2D\Source\Gen\genpix.c">
      <Filter>Source Files</Filter>
    </ClCompile>
    <ClCompile Include="E:\ss-msvc\src\Libraries\2D\Source\Gen\genuhlin.c">
      <Filter>Source Files</Filter>
    </ClCompile>
    <ClCompile Include="E:\ss-msvc\src\Libraries\2D\Source\Gen\genustr.c">
      <Filter>Source Files</Filter>
    </ClCompile>
    <ClCompile Include="E:\ss-msvc\src\Libraries\2D\Source\Gen\genhfl8.c">
      <Filter>Source Files</Filter>
    </ClCompile>
    <ClCompile Include="E:\ss-msvc\src\Libraries\2D\Source\Gen\genov.c">
      <Filter>Source Files</Filter>
    </ClCompile>
    <ClCompile Include="E:\ss-msvc\src\Libraries\2D\Source\Gen\gente.c">
      <Filter>Source Files</Filter>
    </ClCompile>
    <ClCompile Include="E:\ss-msvc\src\Libraries\2D\Source\Gen\genlin.c">
      <Filter>Source Files</Filter>
    </ClCompile>
    <ClCompile Include="E:\ss-msvc\src\Libraries\2D\Source\Gen\gencwlin.c">
      <Filter>Source Files</Filter>
    </ClCompile>
    <ClCompile Include="E:\ss-msvc\src\Libraries\2D\Source\Gen\genchfl8.c">
      <Filter>Source Files</Filter>
    </ClCompile>
    <ClCompile Include="E:\ss-msvc\src\Libraries\2D\Source\Gen\gengfl8.c">
      <Filter>Source Files</Filter>
    </ClCompile>
    <ClCompile Include="E:\ss-msvc\src\Libraries\2D\Source\Gen\genbox.c">
      <Filter>Source Files</Filter>
    </ClCompile>
    <ClCompile Include="E:\ss-msvc\src\Libraries\2D\Source\Gen\genmono.c">
      <Filter>Source Files</Filter>
    </ClCompile>
    <ClCompile Include="E:\ss-msvc\src\Libraries\2D\Source\Gen\genulin.c">
      <Filter>Source Files</Filter>
    </ClCompile>
    <ClCompile Include="E:\ss-msvc\src\Libraries\2D\Source\Gen\gencnv.c">
      <Filter>Source Files</Filter>
    </ClCompile>
    <ClCompile Include="E:\ss-msvc\src\Libraries\2D\Source\Gen\genuslin.c">
      <Filter>Source Files</Filter>
    </ClCompile>
    <ClCompile Include="E:\ss-msvc\src\Libraries\2D\Source\Gen\genvpoly.c">
      <Filter>Source Files</Filter>
    </ClCompile>
    <ClCompile Include="E:\ss-msvc\src\Libraries\2D\Source\Gen\general.c">
      <Filter>Source Files</Filter>
    </ClCompile>
    <ClCompile Include="E:\ss-msvc\src\Libraries\2D\Source\Gen\gencirc.c">
      <Filter>Source Files</Filter>
    </ClCompile>
    <ClCompile Include="E:\ss-msvc\src\Libraries\2D\Source\Gen\genfl8.c">
      <Filter>Source Files</Filter>
    </ClCompile>
    <ClCompile Include="E:\ss-msvc\src\Libraries\2D\Source\Gen\genf24.c">
      <Filter>Source Files</Filter>
    </ClCompile>
    <ClCompile Include="E:\ss-msvc\src\Libraries\2D\Source\Gen\gentl8.c">
      <Filter>Source Files</Filter>
    </ClCompile>
    <ClCompile Include="E:\ss-msvc\src\Libraries\2D\Source\Gen\genrect.c">
      <Filter>Source Files</Filter>
    </ClCompile>
    <ClCompile Include="E:\ss-msvc\src\Libraries\2D\Source\Gen\genvrect.c">
      <Filter>Source Files</Filter>
    </ClCompile>
    <ClCompile Include="E:\ss-msvc\src\Libraries\2D\Source\Gen\genslin.c">
      <Filter>Source Files</Filter>
    </ClCompile>
    <ClCompile Include="E:\ss-msvc\src\Libraries\2D\Source\Flat8\fl8vlin.c">
      <Filter>Source Files</Filter>
    </ClCompile>
    <ClCompile Include="E:\ss-msvc\src\Libraries\2D\Source\Flat8\FL8OPL.c">
      <Filter>Source Files</Filter>
    </ClCompile>
    <ClCompile Include="E:\ss-msvc\src\Libraries\2D\Source\Flat8\fl8cply.c">
      <Filter>Source Files</Filter>
    </ClCompile>
    <ClCompile Include="E:\ss-msvc\src\Libraries\2D\Source\Flat8\fl8clin.c">
      <Filter>Source Files</Filter>
    </ClCompile>
    <ClCompile Include="E:\ss-msvc\src\Libraries\2D\Source\Flat8\fl8lp.c">
      <Filter>Source Files</Filter>
    </ClCompile>
    <ClCompile Include="E:\ss-msvc\src\Libraries\2D\Source\Flat8\fl8lf.c">
      <Filter>Source Files</Filter>
    </ClCompile>
    <ClCompile Include="E:\ss-msvc\src\Libraries\2D\Source\Flat8\fl8ll.c">
      <Filter>Source Files</Filter>
    </ClCompile>
    <ClCompile Include="E:\ss-msvc\src\Libraries\2D\Source\Flat8\fl8s.c">
      <Filter>Source Files</Filter>
    </ClCompile>
    <ClCompile Include="E:\ss-msvc\src\Libraries\2D\Source\Flat8\fl8hfl8.c">
      <Filter>Source Files</Filter>
    </ClCompile>
    <ClCompile Include="E:\ss-msvc\src\Libraries\2D\Source\Flat8\fl8pnt.c">
      <Filter>Source Files</Filter>
    </ClCompile>
    <ClCompile Include="E:\ss-msvc\src\Libraries\2D\Source\Flat8\fl8fl8m.c">
      <Filter>Source Files</Filter>
    </ClCompile>
    <ClCompile Include="E:\ss-msvc\src\Libraries\2D\Source\Flat8\fl8ltp.c">
      <Filter>Source Files</Filter>
    </ClCompile>
    <ClCompile Include="E:\ss-msvc\src\Libraries\2D\Source\Flat8\fl8fl8c.c">
      <Filter>Source Files</Filter>
    </ClCompile>
    <ClCompile Include="E:\ss-msvc\src\Libraries\2D\Source\Flat8\fl8w.c">
      <Filter>Source Files</Filter>
    </ClCompile>
    <ClCompile Include="E:\ss-msvc\src\Libraries\2D\Source\Flat8\fl8cop.c">
      <Filter>Source Files</Filter>
    </ClCompile>
    <ClCompile Include="E:\ss-msvc\src\Libraries\2D\Source\Flat8\fl8wlin.c">
      <Filter>Source Files</Filter>
    </ClCompile>
    <ClCompile Include="E:\ss-msvc\src\Libraries\2D\Source\Flat8\fl8lw.c">
      <Filter>Source Files</Filter>
    </ClCompile>
    <ClCompile Include="E:\ss-msvc\src\Libraries\2D\Source\Flat8\fl8pix.c">
      <Filter>Source Files</Filter>
    </ClCompile>
    <ClCompile Include="E:\ss-msvc\src\Libraries\2D\Source\Flat8\fl8row.c">
      <Filter>Source Files</Filter>
    </ClCompile>
    <ClCompile Include="E:\ss-msvc\src\Libraries\2D\Source\Flat8\fl8ft.c">
      <Filter>Source Files</Filter>
    </ClCompile>
    <ClCompile Include="E:\ss-msvc\src\Libraries\2D\Source\Flat8\fl8rsd8.c">
      <Filter>Source Files</Filter>
    </ClCompile>
    <ClCompile Include="E:\ss-msvc\src\Libraries\2D\Source\Flat8\Fl8F.c">
      <Filter>Source Files</Filter>
    </ClCompile>
    <ClCompile Include="E:\ss-msvc\src\Libraries\2D\Source\Flat8\fl8bldbl.c">
      <Filter>Source Files</Filter>
    </ClCompile>
    <ClCompile Include="E:\ss-msvc\src\Libraries\2D\Source\Flat8\fl8clear.c">
      <Filter>Source Files</Filter>
    </ClCompile>
    <ClCompile Include="E:\ss-msvc\src\Libraries\2D\Source\Flat8\fl8p.c">
      <Filter>Source Files</Filter>
    </ClCompile>
    <ClCompile Include="E:\ss-msvc\src\Libraries\2D\Source\Flat8\fl8wclin.c">
      <Filter>Source Files</Filter>
    </ClCompile>
    <ClCompile Include="E:\ss-msvc\src\Libraries\2D\Source\Flat8\fl8hlin.c">
      <Filter>Source Files</Filter>
    </ClCompile>
    <ClCompile Include="E:\ss-msvc\src\Libraries\2D\Source\Flat8\fl8bl.c">
      <Filter>Source Files</Filter>
    </ClCompile>
    <ClCompile Include="E:\ss-msvc\src\Libraries\2D\Source\Flat8\fl8gpix.c">
      <Filter>Source Files</Filter>
    </ClCompile>
    <ClCompile Include="E:\ss-msvc\src\Libraries\2D\Source\Flat8\fl8ns.c">
      <Filter>Source Files</Filter>
    </ClCompile>
    <ClCompile Include="E:\ss-msvc\src\Libraries\2D\Source\Flat8\fl8lnop.c">
      <Filter>Source Files</Filter>
    </ClCompile>
    <ClCompile Include="E:\ss-msvc\src\Libraries\2D\Source\Flat8\fl8dbl.c">
      <Filter>Source Files</Filter>
    </ClCompile>
    <ClCompile Include="E:\ss-msvc\src\Libraries\2D\Source\Flat8\fl8cnv.c">
      <Filter>Source Files</Filter>
    </ClCompile>
    <ClCompile Include="E:\ss-msvc\src\Libraries\2D\Source\Flat8\fl8slin.c">
      <Filter>Source Files</Filter>
    </ClCompile>
    <ClCompile Include="E:\ss-msvc\src\Libraries\2D\Source\Flat8\fl8lin.c">
      <Filter>Source Files</Filter>
    </ClCompile>
    <ClCompile Include="E:\ss-msvc\src\Libraries\2D\Source\Flat8\fl8tsmap.c">
      <Filter>Source Files</Filter>
    </ClCompile>
    <ClCompile Include="E:\ss-msvc\src\Libraries\2D\Source\Flat8\fl8ply.c">
      <Filter>Source Files</Filter>
    </ClCompile>
    <ClCompile Include="E:\ss-msvc\src\Libraries\2D\Source\Flat8\fl8sply.c">
      <Filter>Source Files</Filter>
    </ClCompile>
    <ClCompile Include="E:\ss-msvc\src\Libraries\2D\Source\Flat8\fl8rect.c">
      <Filter>Source Files</Filter>
    </ClCompile>
    <ClCompile Include="E:\ss-msvc\src\Libraries\2D\Source\Flat8\fl8gfl8.c">
      <Filter>Source Files</Filter>
    </ClCompile>
    <ClCompile Include="E:\ss-msvc\src\Libraries\2D\Source\Flat8\fl8tl8.c">
      <Filter>Source Files</Filter>
    </ClCompile>
    <ClCompile Include="E:\ss-msvc\src\Libraries\2D\Source\Flat8\fl8p24.c">
      <Filter>Source Files</Filter>
    </ClCompile>
    <ClCompile Include="E:\ss-msvc\src\Libraries\2D\Source\Flat8\fl8g24.c">
      <Filter>Source Files</Filter>
    </ClCompile>
    <ClCompile Include="E:\ss-msvc\src\Libraries\2D\Source\Flat8\fl8ctp.c">
      <Filter>Source Files</Filter>
    </ClCompile>
    <ClCompile Include="E:\ss-msvc\src\Libraries\2D\Source\Flat8\fl8mscl.c">
      <Filter>Source Files</Filter>
    </ClCompile>
    <ClCompile Include="E:\ss-msvc\src\Libraries\2D\Source\Flat8\fl8lop.c">
      <Filter>Source Files</Filter>
    </ClCompile>
    <ClCompile Include="E:\ss-msvc\src\Libraries\2D\Source\Flat8\fl8ntrp2.c">
      <Filter>Source Files</Filter>
    </ClCompile>
    <ClCompile Include="E:\ss-msvc\src\Libraries\2D\Source\Flat8\fl8sub.c">
      <Filter>Source Files</Filter>
    </ClCompile>
    <ClCompile Include="E:\ss-msvc\src\Libraries\2D\Source\Flat8\fl8tpl.c">
      <Filter>Source Files</Filter>
    </ClCompile>
    <ClCompile Include="E:\ss-msvc\src\Libraries\2D\Source\Flat8\fl8nl.c">
      <Filter>Source Files</Filter>
    </ClCompile>
    <ClCompile Include="E:\ss-msvc\src\Libraries\2D\Source\Flat8\fl8fltr2.c">
      <Filter>Source Files</Filter>
    </ClCompile>
    <ClCompile Include="E:\ss-msvc\src\Libraries\2D\Source\Flat8\fl8mono.c">
      <Filter>Source Files</Filter>
    </ClCompile>
    <ClCompile Include="E:\ss-msvc\src\Libraries\2D\Source\Flat8\fl8fl8.c">
      <Filter>Source Files</Filter>
    </ClCompile>
    <ClCompile Include="E:\ss-msvc\src\Libraries\2D\Source\Flat8\fl8chfl8.c">
      <Filter>Source Files</Filter>
    </ClCompile>
    <ClCompile Include="E:\ss-msvc\src\Libraries\2D\Source\Clip\clpply.c">
      <Filter>Source Files</Filter>
    </ClCompile>
    <ClCompile Include="E:\ss-msvc\src\Libraries\2D\Source\Clip\clplin.c">
      <Filter>Source Files</Filter>
    </ClCompile>
    <ClCompile Include="E:\ss-msvc\src\Libraries\2D\Source\Clip\clpclin.c">
      <Filter>Source Files</Filter>
    </ClCompile>
    <ClCompile Include="E:\ss-msvc\src\Libraries\2D\Source\Clip\clpltab.c">
      <Filter>Source Files</Filter>
    </ClCompile>
    <ClCompile Include="E:\ss-msvc\src\Libraries\2D\Source\Clip\clpf24.c">
      <Filter>Source Files</Filter>
    </ClCompile>
    <ClCompile Include="E:\ss-msvc\src\Libraries\2D\Source\Clip\clplin2.c">
      <Filter>Source Files</Filter>
    </ClCompile>
    <ClCompile Include="E:\ss-msvc\src\Libraries\2D\Source\Clip\clppoly.c">
      <Filter>Source Files</Filter>
    </ClCompile>
    <ClCompile Include="E:\ss-msvc\src\Libraries\2D\Source\Clip\clpslin.c">
      <Filter>Source Files</Filter>
    </ClCompile>
    <ClCompile Include="E:\ss-msvc\src\Libraries\2D\Source\Clip\clprect.c">
      <Filter>Source Files</Filter>
    </ClCompile>
    <ClCompile Include="E:\ss-msvc\src\Libraries\2D\Source\Clip\clpmono.c">
      <Filter>Source Files</Filter>
    </ClCompile>
    <ClCompile Include="E:\ss-msvc\src\Libraries\2D\Source\RSD\rsdcvt.c">
      <Filter>Source Files</Filter>
    </ClCompile>
    <ClCompile Include="E:\ss-msvc\src\Libraries\2D\Source\RSD\RSDUnpack.c">
      <Filter>Source Files</Filter>
    </ClCompile>
  </ItemGroup>
  <ItemGroup>
    <ClInclude Include="E:\ss-msvc\src\Libraries\2D\Source\Flat8\fl8cft.h">
      <Filter>Header Files</Filter>
    </ClInclude>
    <ClInclude Include="E:\ss-msvc\src\Libraries\2D\Source\Flat8\fl8clin.h">
      <Filter>Header Files</Filter>
    </ClInclude>
    <ClInclude Include="E:\ss-msvc\src\Libraries\2D\Source\Flat8\fl8wclin.h">
      <Filter>Header Files</Filter>
    </ClInclude>
  </ItemGroup>
  <ItemGroup>
    <CustomBuild Include="E:\ss-msvc\src\Libraries\CMakeLists.txt" />
  </ItemGroup>
  <ItemGroup>
    <Filter Include="Header Files">
      <UniqueIdentifier>{2220FC1A-3401-3FCB-AB28-BFAB75C3F490}</UniqueIdentifier>
    </Filter>
    <Filter Include="Source Files">
      <UniqueIdentifier>{F26D4072-7D20-3D25-9B85-53DCF037624C}</UniqueIdentifier>
    </Filter>
  </ItemGroup>
</Project>
