<?xml version="1.0" encoding="utf-8"?>
<Project ToolsVersion="15.0" xmlns="http://schemas.microsoft.com/developer/msbuild/2003">
  <ItemGroup>
    <ClCompile Include="E:\ss-msvc\src\Libraries\2D\Source\GR\grd.c">
      <Filter>Source Files</Filter>
    </ClCompile>
    <ClCompile Include="E:\ss-msvc\src\Libraries\2D\Source\GR\grilin.c">
      <Filter>Source Files</Filter>
    </ClCompile>
    <ClCompile Include="E:\ss-msvc\src\Libraries\2D\Source\GR\grmalloc.c">
      <Filter>Source Files</Filter>
    </ClCompile>
    <ClCompile Include="E:\ss-msvc\src\Libraries\2D\Source\GR\grnull.c">
      <Filter>Source Files</Filter>
    </ClCompile>
    <ClCompile Include="E:\ss-msvc\src\Libraries\2D\Source\GR\gruilin.c">
      <Filter>Source Files</Filter>
    </ClCompile>
  </ItemGroup>
  <ItemGroup>
    <CustomBuild Include="E:\ss-msvc\src\Libraries\CMakeLists.txt" />
  </ItemGroup>
  <ItemGroup>
    <Filter Include="Source Files">
      <UniqueIdentifier>{F26D4072-7D20-3D25-9B85-53DCF037624C}</UniqueIdentifier>
    </Filter>
  </ItemGroup>
</Project>
