<?xml version="1.0" encoding="utf-8"?>
<Project ToolsVersion="15.0" xmlns="http://schemas.microsoft.com/developer/msbuild/2003">
  <ItemGroup>
    <ClCompile Include="E:\ss-msvc\src\GameSrc\ai.c">
      <Filter>Source Files</Filter>
    </ClCompile>
    <ClCompile Include="E:\ss-msvc\src\GameSrc\airupt.c">
      <Filter>Source Files</Filter>
    </ClCompile>
    <ClCompile Include="E:\ss-msvc\src\GameSrc\amap.c">
      <Filter>Source Files</Filter>
    </ClCompile>
    <ClCompile Include="E:\ss-msvc\src\GameSrc\amaploop.c">
      <Filter>Source Files</Filter>
    </ClCompile>
    <ClCompile Include="E:\ss-msvc\src\GameSrc\ammomfd.c">
      <Filter>Source Files</Filter>
    </ClCompile>
    <ClCompile Include="E:\ss-msvc\src\GameSrc\audiolog.c">
      <Filter>Source Files</Filter>
    </ClCompile>
    <ClCompile Include="E:\ss-msvc\src\GameSrc\automap.c">
      <Filter>Source Files</Filter>
    </ClCompile>
    <ClCompile Include="E:\ss-msvc\src\GameSrc\bark.c">
      <Filter>Source Files</Filter>
    </ClCompile>
    <ClCompile Include="E:\ss-msvc\src\GameSrc\biohelp.c">
      <Filter>Source Files</Filter>
    </ClCompile>
    <ClCompile Include="E:\ss-msvc\src\GameSrc\cardmfd.c">
      <Filter>Source Files</Filter>
    </ClCompile>
    <ClCompile Include="E:\ss-msvc\src\GameSrc\citres.c">
      <Filter>Source Files</Filter>
    </ClCompile>
    <ClCompile Include="E:\ss-msvc\src\GameSrc\combat.c">
      <Filter>Source Files</Filter>
    </ClCompile>
    <ClCompile Include="E:\ss-msvc\src\GameSrc\cone.c">
      <Filter>Source Files</Filter>
    </ClCompile>
    <ClCompile Include="E:\ss-msvc\src\GameSrc\criterr.c">
      <Filter>Source Files</Filter>
    </ClCompile>
    <ClCompile Include="E:\ss-msvc\src\GameSrc\cyber.c">
      <Filter>Source Files</Filter>
    </ClCompile>
    <ClCompile Include="E:\ss-msvc\src\GameSrc\cybermfd.c">
      <Filter>Source Files</Filter>
    </ClCompile>
    <ClCompile Include="E:\ss-msvc\src\GameSrc\cybmem.c">
      <Filter>Source Files</Filter>
    </ClCompile>
    <ClCompile Include="E:\ss-msvc\src\GameSrc\cybrnd.c">
      <Filter>Source Files</Filter>
    </ClCompile>
    <ClCompile Include="E:\ss-msvc\src\GameSrc\damage.c">
      <Filter>Source Files</Filter>
    </ClCompile>
    <ClCompile Include="E:\ss-msvc\src\GameSrc\digifx.c">
      <Filter>Source Files</Filter>
    </ClCompile>
    <ClCompile Include="E:\ss-msvc\src\GameSrc\drugs.c">
      <Filter>Source Files</Filter>
    </ClCompile>
    <ClCompile Include="E:\ss-msvc\src\GameSrc\effect.c">
      <Filter>Source Files</Filter>
    </ClCompile>
    <ClCompile Include="E:\ss-msvc\src\GameSrc\email.c">
      <Filter>Source Files</Filter>
    </ClCompile>
    <ClCompile Include="E:\ss-msvc\src\GameSrc\faceobj.c">
      <Filter>Source Files</Filter>
    </ClCompile>
    <ClCompile Include="E:\ss-msvc\src\GameSrc\fixtrmfd.c">
      <Filter>Source Files</Filter>
    </ClCompile>
    <ClCompile Include="E:\ss-msvc\src\GameSrc\frcamera.c">
      <Filter>Source Files</Filter>
    </ClCompile>
    <ClCompile Include="E:\ss-msvc\src\GameSrc\frclip.c">
      <Filter>Source Files</Filter>
    </ClCompile>
    <ClCompile Include="E:\ss-msvc\src\GameSrc\frcompil.c">
      <Filter>Source Files</Filter>
    </ClCompile>
    <ClCompile Include="E:\ss-msvc\src\GameSrc\frmain.c">
      <Filter>Source Files</Filter>
    </ClCompile>
    <ClCompile Include="E:\ss-msvc\src\GameSrc\frobj.c">
      <Filter>Source Files</Filter>
    </ClCompile>
    <ClCompile Include="E:\ss-msvc\src\GameSrc\froslew.c">
      <Filter>Source Files</Filter>
    </ClCompile>
    <ClCompile Include="E:\ss-msvc\src\GameSrc\frpipe.c">
      <Filter>Source Files</Filter>
    </ClCompile>
    <ClCompile Include="E:\ss-msvc\src\GameSrc\frpts.c">
      <Filter>Source Files</Filter>
    </ClCompile>
    <ClCompile Include="E:\ss-msvc\src\GameSrc\frsetup.c">
      <Filter>Source Files</Filter>
    </ClCompile>
    <ClCompile Include="E:\ss-msvc\src\GameSrc\frtables.c">
      <Filter>Source Files</Filter>
    </ClCompile>
    <ClCompile Include="E:\ss-msvc\src\GameSrc\frterr.c">
      <Filter>Source Files</Filter>
    </ClCompile>
    <ClCompile Include="E:\ss-msvc\src\GameSrc\frutil.c">
      <Filter>Source Files</Filter>
    </ClCompile>
    <ClCompile Include="E:\ss-msvc\src\GameSrc\FrUtils.c">
      <Filter>Source Files</Filter>
    </ClCompile>
    <ClCompile Include="E:\ss-msvc\src\GameSrc\fullamap.c">
      <Filter>Source Files</Filter>
    </ClCompile>
    <ClCompile Include="E:\ss-msvc\src\GameSrc\fullscrn.c">
      <Filter>Source Files</Filter>
    </ClCompile>
    <ClCompile Include="E:\ss-msvc\src\GameSrc\gameloop.c">
      <Filter>Source Files</Filter>
    </ClCompile>
    <ClCompile Include="E:\ss-msvc\src\GameSrc\gameobj.c">
      <Filter>Source Files</Filter>
    </ClCompile>
    <ClCompile Include="E:\ss-msvc\src\GameSrc\gamesort.c">
      <Filter>Source Files</Filter>
    </ClCompile>
    <ClCompile Include="E:\ss-msvc\src\GameSrc\gamestrn.c">
      <Filter>Source Files</Filter>
    </ClCompile>
    <ClCompile Include="E:\ss-msvc\src\GameSrc\gamesys.c">
      <Filter>Source Files</Filter>
    </ClCompile>
    <ClCompile Include="E:\ss-msvc\src\GameSrc\gametime.c">
      <Filter>Source Files</Filter>
    </ClCompile>
    <ClCompile Include="E:\ss-msvc\src\GameSrc\gamewrap.c">
      <Filter>Source Files</Filter>
    </ClCompile>
    <ClCompile Include="E:\ss-msvc\src\GameSrc\gearmfd.c">
      <Filter>Source Files</Filter>
    </ClCompile>
    <ClCompile Include="E:\ss-msvc\src\GameSrc\gr2ss.c">
      <Filter>Source Files</Filter>
    </ClCompile>
    <ClCompile Include="E:\ss-msvc\src\GameSrc\grenades.c">
      <Filter>Source Files</Filter>
    </ClCompile>
    <ClCompile Include="E:\ss-msvc\src\GameSrc\hand.c">
      <Filter>Source Files</Filter>
    </ClCompile>
    <ClCompile Include="E:\ss-msvc\src\GameSrc\hflip.c">
      <Filter>Source Files</Filter>
    </ClCompile>
    <ClCompile Include="E:\ss-msvc\src\GameSrc\hkeyfunc.c">
      <Filter>Source Files</Filter>
    </ClCompile>
    <ClCompile Include="E:\ss-msvc\src\GameSrc\hud.c">
      <Filter>Source Files</Filter>
    </ClCompile>
    <ClCompile Include="E:\ss-msvc\src\GameSrc\hudobj.c">
      <Filter>Source Files</Filter>
    </ClCompile>
    <ClCompile Include="E:\ss-msvc\src\GameSrc\init.c">
      <Filter>Source Files</Filter>
    </ClCompile>
    <ClCompile Include="E:\ss-msvc\src\GameSrc\input.c">
      <Filter>Source Files</Filter>
    </ClCompile>
    <ClCompile Include="E:\ss-msvc\src\GameSrc\invent.c">
      <Filter>Source Files</Filter>
    </ClCompile>
    <ClCompile Include="E:\ss-msvc\src\GameSrc\leanmetr.c">
      <Filter>Source Files</Filter>
    </ClCompile>
    <ClCompile Include="E:\ss-msvc\src\GameSrc\mainloop.c">
      <Filter>Source Files</Filter>
    </ClCompile>
    <ClCompile Include="E:\ss-msvc\src\GameSrc\map.c">
      <Filter>Source Files</Filter>
    </ClCompile>
    <ClCompile Include="E:\ss-msvc\src\GameSrc\mfdfunc.c">
      <Filter>Source Files</Filter>
    </ClCompile>
    <ClCompile Include="E:\ss-msvc\src\GameSrc\mfdgadg.c">
      <Filter>Source Files</Filter>
    </ClCompile>
    <ClCompile Include="E:\ss-msvc\src\GameSrc\mfdgames.c">
      <Filter>Source Files</Filter>
    </ClCompile>
    <ClCompile Include="E:\ss-msvc\src\GameSrc\mfdgump.c">
      <Filter>Source Files</Filter>
    </ClCompile>
    <ClCompile Include="E:\ss-msvc\src\GameSrc\mfdpanel.c">
      <Filter>Source Files</Filter>
    </ClCompile>
    <ClCompile Include="E:\ss-msvc\src\GameSrc\minimax.c">
      <Filter>Source Files</Filter>
    </ClCompile>
    <ClCompile Include="E:\ss-msvc\src\GameSrc\mlimbs.c">
      <Filter>Source Files</Filter>
    </ClCompile>
    <ClCompile Include="E:\ss-msvc\src\GameSrc\movekeys.c">
      <Filter>Source Files</Filter>
    </ClCompile>
    <ClCompile Include="E:\ss-msvc\src\GameSrc\musicai.c">
      <Filter>Source Files</Filter>
    </ClCompile>
    <ClCompile Include="E:\ss-msvc\src\GameSrc\newai.c">
      <Filter>Source Files</Filter>
    </ClCompile>
    <ClCompile Include="E:\ss-msvc\src\GameSrc\newmfd.c">
      <Filter>Source Files</Filter>
    </ClCompile>
    <ClCompile Include="E:\ss-msvc\src\GameSrc\objapp.c">
      <Filter>Source Files</Filter>
    </ClCompile>
    <ClCompile Include="E:\ss-msvc\src\GameSrc\objects.c">
      <Filter>Source Files</Filter>
    </ClCompile>
    <ClCompile Include="E:\ss-msvc\src\GameSrc\objload.c">
      <Filter>Source Files</Filter>
    </ClCompile>
    <ClCompile Include="E:\ss-msvc\src\GameSrc\objprop.c">
      <Filter>Source Files</Filter>
    </ClCompile>
    <ClCompile Include="E:\ss-msvc\src\GameSrc\objsim.c">
      <Filter>Source Files</Filter>
    </ClCompile>
    <ClCompile Include="E:\ss-msvc\src\GameSrc\objuse.c">
      <Filter>Source Files</Filter>
    </ClCompile>
    <ClCompile Include="E:\ss-msvc\src\GameSrc\olh.c">
      <Filter>Source Files</Filter>
    </ClCompile>
    <ClCompile Include="E:\ss-msvc\src\GameSrc\olhscan.c">
      <Filter>Source Files</Filter>
    </ClCompile>
    <ClCompile Include="E:\ss-msvc\src\GameSrc\palfx.c">
      <Filter>Source Files</Filter>
    </ClCompile>
    <ClCompile Include="E:\ss-msvc\src\GameSrc\pathfind.c">
      <Filter>Source Files</Filter>
    </ClCompile>
    <ClCompile Include="E:\ss-msvc\src\GameSrc\physics.c">
      <Filter>Source Files</Filter>
    </ClCompile>
    <ClCompile Include="E:\ss-msvc\src\GameSrc\player.c">
      <Filter>Source Files</Filter>
    </ClCompile>
    <ClCompile Include="E:\ss-msvc\src\GameSrc\plotware.c">
      <Filter>Source Files</Filter>
    </ClCompile>
    <ClCompile Include="E:\ss-msvc\src\GameSrc\popups.c">
      <Filter>Source Files</Filter>
    </ClCompile>
    <ClCompile Include="E:\ss-msvc\src\GameSrc\render.c">
      <Filter>Source Files</Filter>
    </ClCompile>
    <ClCompile Include="E:\ss-msvc\src\GameSrc\rendtool.c">
      <Filter>Source Files</Filter>
    </ClCompile>
    <ClCompile Include="E:\ss-msvc\src\GameSrc\saveload.c">
      <Filter>Source Files</Filter>
    </ClCompile>
    <ClCompile Include="E:\ss-msvc\src\GameSrc\schedule.c">
      <Filter>Source Files</Filter>
    </ClCompile>
    <ClCompile Include="E:\ss-msvc\src\GameSrc\screen.c">
      <Filter>Source Files</Filter>
    </ClCompile>
    <ClCompile Include="E:\ss-msvc\src\GameSrc\setup.c">
      <Filter>Source Files</Filter>
    </ClCompile>
    <ClCompile Include="E:\ss-msvc\src\GameSrc\shodan.c">
      <Filter>Source Files</Filter>
    </ClCompile>
    <ClCompile Include="E:\ss-msvc\src\GameSrc\sideicon.c">
      <Filter>Source Files</Filter>
    </ClCompile>
    <ClCompile Include="E:\ss-msvc\src\GameSrc\sndcall.c">
      <Filter>Source Files</Filter>
    </ClCompile>
    <ClCompile Include="E:\ss-msvc\src\GameSrc\star.c">
      <Filter>Source Files</Filter>
    </ClCompile>
    <ClCompile Include="E:\ss-msvc\src\GameSrc\statics.c">
      <Filter>Source Files</Filter>
    </ClCompile>
    <ClCompile Include="E:\ss-msvc\src\GameSrc\status.c">
      <Filter>Source Files</Filter>
    </ClCompile>
    <ClCompile Include="E:\ss-msvc\src\GameSrc\target.c">
      <Filter>Source Files</Filter>
    </ClCompile>
    <ClCompile Include="E:\ss-msvc\src\GameSrc\textmaps.c">
      <Filter>Source Files</Filter>
    </ClCompile>
    <ClCompile Include="E:\ss-msvc\src\GameSrc\tfdirect.c">
      <Filter>Source Files</Filter>
    </ClCompile>
    <ClCompile Include="E:\ss-msvc\src\GameSrc\tfutil.c">
      <Filter>Source Files</Filter>
    </ClCompile>
    <ClCompile Include="E:\ss-msvc\src\GameSrc\tools.c">
      <Filter>Source Files</Filter>
    </ClCompile>
    <ClCompile Include="E:\ss-msvc\src\GameSrc\trigger.c">
      <Filter>Source Files</Filter>
    </ClCompile>
    <ClCompile Include="E:\ss-msvc\src\GameSrc\view360.c">
      <Filter>Source Files</Filter>
    </ClCompile>
    <ClCompile Include="E:\ss-msvc\src\GameSrc\viewhelp.c">
      <Filter>Source Files</Filter>
    </ClCompile>
    <ClCompile Include="E:\ss-msvc\src\GameSrc\vitals.c">
      <Filter>Source Files</Filter>
    </ClCompile>
    <ClCompile Include="E:\ss-msvc\src\GameSrc\vmail.c">
      <Filter>Source Files</Filter>
    </ClCompile>
    <ClCompile Include="E:\ss-msvc\src\GameSrc\wares.c">
      <Filter>Source Files</Filter>
    </ClCompile>
    <ClCompile Include="E:\ss-msvc\src\GameSrc\weapons.c">
      <Filter>Source Files</Filter>
    </ClCompile>
    <ClCompile Include="E:\ss-msvc\src\GameSrc\wrapper.c">
      <Filter>Source Files</Filter>
    </ClCompile>
    <ClCompile Include="E:\ss-msvc\src\GameSrc\gamerend.c">
      <Filter>Source Files</Filter>
    </ClCompile>
    <ClCompile Include="E:\ss-msvc\src\GameSrc\mouselook.c">
      <Filter>Source Files</Filter>
    </ClCompile>
  </ItemGroup>
  <ItemGroup>
    <CustomBuild Include="E:\ss-msvc\CMakeLists.txt" />
  </ItemGroup>
  <ItemGroup>
    <Filter Include="Source Files">
      <UniqueIdentifier>{F26D4072-7D20-3D25-9B85-53DCF037624C}</UniqueIdentifier>
    </Filter>
  </ItemGroup>
</Project>
