<?xml version="1.0" encoding="utf-8"?>
<Project ToolsVersion="15.0" xmlns="http://schemas.microsoft.com/developer/msbuild/2003">
  <ItemGroup>
    <ClCompile Include="E:\ss-msvc\src\MacSrc\Stub.c">
      <Filter>Source Files</Filter>
    </ClCompile>
    <ClCompile Include="E:\ss-msvc\src\MacSrc\ShockBitmap.c">
      <Filter>Source Files</Filter>
    </ClCompile>
    <ClCompile Include="E:\ss-msvc\src\MacSrc\MoviePlay.c">
      <Filter>Source Files</Filter>
    </ClCompile>
    <ClCompile Include="E:\ss-msvc\src\MacSrc\InitMac.c">
      <Filter>Source Files</Filter>
    </ClCompile>
    <ClCompile Include="E:\ss-msvc\src\MacSrc\Shock.c">
      <Filter>Source Files</Filter>
    </ClCompile>
    <ClCompile Include="E:\ss-msvc\src\MacSrc\Prefs.c">
      <Filter>Source Files</Filter>
    </ClCompile>
    <ClCompile Include="E:\ss-msvc\src\MacSrc\MacTune.c">
      <Filter>Source Files</Filter>
    </ClCompile>
    <ClCompile Include="E:\ss-msvc\src\MacSrc\SDLSound.c">
      <Filter>Source Files</Filter>
    </ClCompile>
    <ClCompile Include="E:\ss-msvc\src\MacSrc\Modding.c">
      <Filter>Source Files</Filter>
    </ClCompile>
  </ItemGroup>
  <ItemGroup>
    <CustomBuild Include="E:\ss-msvc\CMakeLists.txt" />
  </ItemGroup>
  <ItemGroup>
    <Filter Include="Source Files">
      <UniqueIdentifier>{F26D4072-7D20-3D25-9B85-53DCF037624C}</UniqueIdentifier>
    </Filter>
  </ItemGroup>
</Project>
