Microsoft Visual Studio Solution File, Format Version 12.00
# Visual Studio 15
Project("{8BC9CEB8-8B4A-11D0-8D11-00A0C91BC942}") = "ALL_BUILD", "ALL_BUILD.vcxproj", "{85C5D857-2230-3835-A247-4F5E3124B323}"
	ProjectSection(ProjectDependencies) = postProject
		{86CDAB73-9093-3976-909C-61CFB5382EEB} = {86CDAB73-9093-3976-909C-61CFB5382EEB}
		{186CA55A-E396-3821-96BE-DA69A74A57C6} = {186CA55A-E396-3821-96BE-DA69A74A57C6}
		{79854E3F-5A7D-3B33-B96C-9BA7FE1C8DC7} = {79854E3F-5A7D-3B33-B96C-9BA7FE1C8DC7}
		{B271B36A-D2A1-303F-A867-777448397A54} = {B271B36A-D2A1-303F-A867-777448397A54}
		{895B1C5A-5A32-3446-B99F-7366C95CD7EB} = {895B1C5A-5A32-3446-B99F-7366C95CD7EB}
		{FF37F3C9-C15C-304D-BB75-32AF7C7E8132} = {FF37F3C9-C15C-304D-BB75-32AF7C7E8132}
		{72D86158-1860-39C3-83C6-BCF8704F79E6} = {72D86158-1860-39C3-83C6-BCF8704F79E6}
		{7E6B5A02-A0F0-3780-9426-EEB9AC4E03AC} = {7E6B5A02-A0F0-3780-9426-EEB9AC4E03AC}
		{54BE8A65-FE32-3A8D-B074-22BDF6BC7F2C} = {54BE8A65-FE32-3A8D-B074-22BDF6BC7F2C}
		{46AEC085-DF35-3926-A194-FA343DFC0B71} = {46AEC085-DF35-3926-A194-FA343DFC0B71}
		{04C8D6EB-835A-3F18-8986-3FA7612708AC} = {04C8D6EB-835A-3F18-8986-3FA7612708AC}
		{3FB2861E-781D-37E2-855E-65137B5B4C7A} = {3FB2861E-781D-37E2-855E-65137B5B4C7A}
		{9E5CD5EA-8C13-3939-9E87-ADB662B6EAD4} = {9E5CD5EA-8C13-3939-9E87-ADB662B6EAD4}
		{73BADEBC-AC3E-36BA-85F0-DB89365D5E95} = {73BADEBC-AC3E-36BA-85F0-DB89365D5E95}
		{0FA0ED25-E4D5-3EA7-889D-911796F65482} = {0FA0ED25-E4D5-3EA7-889D-911796F65482}
		{5035DE73-08B4-32D0-927D-0097E4DFD0F5} = {5035DE73-08B4-32D0-927D-0097E4DFD0F5}
		{C4236897-5D41-3B3D-899A-EC0DFCA30471} = {C4236897-5D41-3B3D-899A-EC0DFCA30471}
		{7F1B1924-CBF4-30D4-B891-3050E23B8274} = {7F1B1924-CBF4-30D4-B891-3050E23B8274}
	EndProjectSection
EndProject
Project("{8BC9CEB8-8B4A-11D0-8D11-00A0C91BC942}") = "2D_LIB", "src\Libraries\2D_LIB.vcxproj", "{86CDAB73-9093-3976-909C-61CFB5382EEB}"
	ProjectSection(ProjectDependencies) = postProject
		{C4236897-5D41-3B3D-899A-EC0DFCA30471} = {C4236897-5D41-3B3D-899A-EC0DFCA30471}
	EndProjectSection
EndProject
Project("{8BC9CEB8-8B4A-11D0-8D11-00A0C91BC942}") = "3D_LIB", "src\Libraries\3D_LIB.vcxproj", "{186CA55A-E396-3821-96BE-DA69A74A57C6}"
	ProjectSection(ProjectDependencies) = postProject
		{C4236897-5D41-3B3D-899A-EC0DFCA30471} = {C4236897-5D41-3B3D-899A-EC0DFCA30471}
	EndProjectSection
EndProject
Project("{8BC9CEB8-8B4A-11D0-8D11-00A0C91BC942}") = "AFILE_LIB", "src\Libraries\AFILE_LIB.vcxproj", "{79854E3F-5A7D-3B33-B96C-9BA7FE1C8DC7}"
	ProjectSection(ProjectDependencies) = postProject
		{C4236897-5D41-3B3D-899A-EC0DFCA30471} = {C4236897-5D41-3B3D-899A-EC0DFCA30471}
	EndProjectSection
EndProject
Project("{8BC9CEB8-8B4A-11D0-8D11-00A0C91BC942}") = "DSTRUCT_LIB", "src\Libraries\DSTRUCT_LIB.vcxproj", "{B271B36A-D2A1-303F-A867-777448397A54}"
	ProjectSection(ProjectDependencies) = postProject
		{C4236897-5D41-3B3D-899A-EC0DFCA30471} = {C4236897-5D41-3B3D-899A-EC0DFCA30471}
	EndProjectSection
EndProject
Project("{8BC9CEB8-8B4A-11D0-8D11-00A0C91BC942}") = "EDMS_LIB", "src\Libraries\EDMS_LIB.vcxproj", "{895B1C5A-5A32-3446-B99F-7366C95CD7EB}"
	ProjectSection(ProjectDependencies) = postProject
		{C4236897-5D41-3B3D-899A-EC0DFCA30471} = {C4236897-5D41-3B3D-899A-EC0DFCA30471}
	EndProjectSection
EndProject
Project("{8BC9CEB8-8B4A-11D0-8D11-00A0C91BC942}") = "FIXPP_LIB", "src\Libraries\FIXPP_LIB.vcxproj", "{FF37F3C9-C15C-304D-BB75-32AF7C7E8132}"
	ProjectSection(ProjectDependencies) = postProject
		{C4236897-5D41-3B3D-899A-EC0DFCA30471} = {C4236897-5D41-3B3D-899A-EC0DFCA30471}
	EndProjectSection
EndProject
Project("{8BC9CEB8-8B4A-11D0-8D11-00A0C91BC942}") = "FIX_LIB", "src\Libraries\FIX_LIB.vcxproj", "{72D86158-1860-39C3-83C6-BCF8704F79E6}"
	ProjectSection(ProjectDependencies) = postProject
		{C4236897-5D41-3B3D-899A-EC0DFCA30471} = {C4236897-5D41-3B3D-899A-EC0DFCA30471}
	EndProjectSection
EndProject
Project("{8BC9CEB8-8B4A-11D0-8D11-00A0C91BC942}") = "GAME_LIB", "GAME_LIB.vcxproj", "{7E6B5A02-A0F0-3780-9426-EEB9AC4E03AC}"
	ProjectSection(ProjectDependencies) = postProject
		{C4236897-5D41-3B3D-899A-EC0DFCA30471} = {C4236897-5D41-3B3D-899A-EC0DFCA30471}
	EndProjectSection
EndProject
Project("{8BC9CEB8-8B4A-11D0-8D11-00A0C91BC942}") = "GR_LIB", "src\Libraries\GR_LIB.vcxproj", "{54BE8A65-FE32-3A8D-B074-22BDF6BC7F2C}"
	ProjectSection(ProjectDependencies) = postProject
		{C4236897-5D41-3B3D-899A-EC0DFCA30471} = {C4236897-5D41-3B3D-899A-EC0DFCA30471}
	EndProjectSection
EndProject
Project("{8BC9CEB8-8B4A-11D0-8D11-00A0C91BC942}") = "INPUT_LIB", "src\Libraries\INPUT_LIB.vcxproj", "{46AEC085-DF35-3926-A194-FA343DFC0B71}"
	ProjectSection(ProjectDependencies) = postProject
		{C4236897-5D41-3B3D-899A-EC0DFCA30471} = {C4236897-5D41-3B3D-899A-EC0DFCA30471}
	EndProjectSection
EndProject
Project("{8BC9CEB8-8B4A-11D0-8D11-00A0C91BC942}") = "LG_LIB", "src\Libraries\LG_LIB.vcxproj", "{04C8D6EB-835A-3F18-8986-3FA7612708AC}"
	ProjectSection(ProjectDependencies) = postProject
		{C4236897-5D41-3B3D-899A-EC0DFCA30471} = {C4236897-5D41-3B3D-899A-EC0DFCA30471}
	EndProjectSection
EndProject
Project("{8BC9CEB8-8B4A-11D0-8D11-00A0C91BC942}") = "PALETTE_LIB", "src\Libraries\PALETTE_LIB.vcxproj", "{3FB2861E-781D-37E2-855E-65137B5B4C7A}"
	ProjectSection(ProjectDependencies) = postProject
		{C4236897-5D41-3B3D-899A-EC0DFCA30471} = {C4236897-5D41-3B3D-899A-EC0DFCA30471}
	EndProjectSection
EndProject
Project("{8BC9CEB8-8B4A-11D0-8D11-00A0C91BC942}") = "RES_LIB", "src\Libraries\RES_LIB.vcxproj", "{9E5CD5EA-8C13-3939-9E87-ADB662B6EAD4}"
	ProjectSection(ProjectDependencies) = postProject
		{C4236897-5D41-3B3D-899A-EC0DFCA30471} = {C4236897-5D41-3B3D-899A-EC0DFCA30471}
	EndProjectSection
EndProject
Project("{8BC9CEB8-8B4A-11D0-8D11-00A0C91BC942}") = "RND_LIB", "src\Libraries\RND_LIB.vcxproj", "{73BADEBC-AC3E-36BA-85F0-DB89365D5E95}"
	ProjectSection(ProjectDependencies) = postProject
		{C4236897-5D41-3B3D-899A-EC0DFCA30471} = {C4236897-5D41-3B3D-899A-EC0DFCA30471}
	EndProjectSection
EndProject
Project("{8BC9CEB8-8B4A-11D0-8D11-00A0C91BC942}") = "UI_LIB", "src\Libraries\UI_LIB.vcxproj", "{0FA0ED25-E4D5-3EA7-889D-911796F65482}"
	ProjectSection(ProjectDependencies) = postProject
		{C4236897-5D41-3B3D-899A-EC0DFCA30471} = {C4236897-5D41-3B3D-899A-EC0DFCA30471}
	EndProjectSection
EndProject
Project("{8BC9CEB8-8B4A-11D0-8D11-00A0C91BC942}") = "VOX_LIB", "src\Libraries\VOX_LIB.vcxproj", "{5035DE73-08B4-32D0-927D-0097E4DFD0F5}"
	ProjectSection(ProjectDependencies) = postProject
		{C4236897-5D41-3B3D-899A-EC0DFCA30471} = {C4236897-5D41-3B3D-899A-EC0DFCA30471}
	EndProjectSection
EndProject
Project("{8BC9CEB8-8B4A-11D0-8D11-00A0C91BC942}") = "ZERO_CHECK", "ZERO_CHECK.vcxproj", "{C4236897-5D41-3B3D-899A-EC0DFCA30471}"
	ProjectSection(ProjectDependencies) = postProject
	EndProjectSection
EndProject
Project("{8BC9CEB8-8B4A-11D0-8D11-00A0C91BC942}") = "systemshock", "systemshock.vcxproj", "{7F1B1924-CBF4-30D4-B891-3050E23B8274}"
	ProjectSection(ProjectDependencies) = postProject
		{86CDAB73-9093-3976-909C-61CFB5382EEB} = {86CDAB73-9093-3976-909C-61CFB5382EEB}
		{186CA55A-E396-3821-96BE-DA69A74A57C6} = {186CA55A-E396-3821-96BE-DA69A74A57C6}
		{79854E3F-5A7D-3B33-B96C-9BA7FE1C8DC7} = {79854E3F-5A7D-3B33-B96C-9BA7FE1C8DC7}
		{B271B36A-D2A1-303F-A867-777448397A54} = {B271B36A-D2A1-303F-A867-777448397A54}
		{895B1C5A-5A32-3446-B99F-7366C95CD7EB} = {895B1C5A-5A32-3446-B99F-7366C95CD7EB}
		{FF37F3C9-C15C-304D-BB75-32AF7C7E8132} = {FF37F3C9-C15C-304D-BB75-32AF7C7E8132}
		{72D86158-1860-39C3-83C6-BCF8704F79E6} = {72D86158-1860-39C3-83C6-BCF8704F79E6}
		{7E6B5A02-A0F0-3780-9426-EEB9AC4E03AC} = {7E6B5A02-A0F0-3780-9426-EEB9AC4E03AC}
		{54BE8A65-FE32-3A8D-B074-22BDF6BC7F2C} = {54BE8A65-FE32-3A8D-B074-22BDF6BC7F2C}
		{46AEC085-DF35-3926-A194-FA343DFC0B71} = {46AEC085-DF35-3926-A194-FA343DFC0B71}
		{04C8D6EB-835A-3F18-8986-3FA7612708AC} = {04C8D6EB-835A-3F18-8986-3FA7612708AC}
		{3FB2861E-781D-37E2-855E-65137B5B4C7A} = {3FB2861E-781D-37E2-855E-65137B5B4C7A}
		{9E5CD5EA-8C13-3939-9E87-ADB662B6EAD4} = {9E5CD5EA-8C13-3939-9E87-ADB662B6EAD4}
		{73BADEBC-AC3E-36BA-85F0-DB89365D5E95} = {73BADEBC-AC3E-36BA-85F0-DB89365D5E95}
		{0FA0ED25-E4D5-3EA7-889D-911796F65482} = {0FA0ED25-E4D5-3EA7-889D-911796F65482}
		{5035DE73-08B4-32D0-927D-0097E4DFD0F5} = {5035DE73-08B4-32D0-927D-0097E4DFD0F5}
		{C4236897-5D41-3B3D-899A-EC0DFCA30471} = {C4236897-5D41-3B3D-899A-EC0DFCA30471}
	EndProjectSection
EndProject
Global
	GlobalSection(SolutionConfigurationPlatforms) = preSolution
		Debug|Win32 = Debug|Win32
		Release|Win32 = Release|Win32
		MinSizeRel|Win32 = MinSizeRel|Win32
		RelWithDebInfo|Win32 = RelWithDebInfo|Win32
	EndGlobalSection
	GlobalSection(ProjectConfigurationPlatforms) = postSolution
		{85C5D857-2230-3835-A247-4F5E3124B323}.Debug|Win32.ActiveCfg = Debug|Win32
		{85C5D857-2230-3835-A247-4F5E3124B323}.Release|Win32.ActiveCfg = Release|Win32
		{85C5D857-2230-3835-A247-4F5E3124B323}.MinSizeRel|Win32.ActiveCfg = MinSizeRel|Win32
		{85C5D857-2230-3835-A247-4F5E3124B323}.RelWithDebInfo|Win32.ActiveCfg = RelWithDebInfo|Win32
		{86CDAB73-9093-3976-909C-61CFB5382EEB}.Debug|Win32.ActiveCfg = Debug|Win32
		{86CDAB73-9093-3976-909C-61CFB5382EEB}.Debug|Win32.Build.0 = Debug|Win32
		{86CDAB73-9093-3976-909C-61CFB5382EEB}.Release|Win32.ActiveCfg = Release|Win32
		{86CDAB73-9093-3976-909C-61CFB5382EEB}.Release|Win32.Build.0 = Release|Win32
		{86CDAB73-9093-3976-909C-61CFB5382EEB}.MinSizeRel|Win32.ActiveCfg = MinSizeRel|Win32
		{86CDAB73-9093-3976-909C-61CFB5382EEB}.MinSizeRel|Win32.Build.0 = MinSizeRel|Win32
		{86CDAB73-9093-3976-909C-61CFB5382EEB}.RelWithDebInfo|Win32.ActiveCfg = RelWithDebInfo|Win32
		{86CDAB73-9093-3976-909C-61CFB5382EEB}.RelWithDebInfo|Win32.Build.0 = RelWithDebInfo|Win32
		{186CA55A-E396-3821-96BE-DA69A74A57C6}.Debug|Win32.ActiveCfg = Debug|Win32
		{186CA55A-E396-3821-96BE-DA69A74A57C6}.Debug|Win32.Build.0 = Debug|Win32
		{186CA55A-E396-3821-96BE-DA69A74A57C6}.Release|Win32.ActiveCfg = Release|Win32
		{186CA55A-E396-3821-96BE-DA69A74A57C6}.Release|Win32.Build.0 = Release|Win32
		{186CA55A-E396-3821-96BE-DA69A74A57C6}.MinSizeRel|Win32.ActiveCfg = MinSizeRel|Win32
		{186CA55A-E396-3821-96BE-DA69A74A57C6}.MinSizeRel|Win32.Build.0 = MinSizeRel|Win32
		{186CA55A-E396-3821-96BE-DA69A74A57C6}.RelWithDebInfo|Win32.ActiveCfg = RelWithDebInfo|Win32
		{186CA55A-E396-3821-96BE-DA69A74A57C6}.RelWithDebInfo|Win32.Build.0 = RelWithDebInfo|Win32
		{79854E3F-5A7D-3B33-B96C-9BA7FE1C8DC7}.Debug|Win32.ActiveCfg = Debug|Win32
		{79854E3F-5A7D-3B33-B96C-9BA7FE1C8DC7}.Debug|Win32.Build.0 = Debug|Win32
		{79854E3F-5A7D-3B33-B96C-9BA7FE1C8DC7}.Release|Win32.ActiveCfg = Release|Win32
		{79854E3F-5A7D-3B33-B96C-9BA7FE1C8DC7}.Release|Win32.Build.0 = Release|Win32
		{79854E3F-5A7D-3B33-B96C-9BA7FE1C8DC7}.MinSizeRel|Win32.ActiveCfg = MinSizeRel|Win32
		{79854E3F-5A7D-3B33-B96C-9BA7FE1C8DC7}.MinSizeRel|Win32.Build.0 = MinSizeRel|Win32
		{79854E3F-5A7D-3B33-B96C-9BA7FE1C8DC7}.RelWithDebInfo|Win32.ActiveCfg = RelWithDebInfo|Win32
		{79854E3F-5A7D-3B33-B96C-9BA7FE1C8DC7}.RelWithDebInfo|Win32.Build.0 = RelWithDebInfo|Win32
		{B271B36A-D2A1-303F-A867-777448397A54}.Debug|Win32.ActiveCfg = Debug|Win32
		{B271B36A-D2A1-303F-A867-777448397A54}.Debug|Win32.Build.0 = Debug|Win32
		{B271B36A-D2A1-303F-A867-777448397A54}.Release|Win32.ActiveCfg = Release|Win32
		{B271B36A-D2A1-303F-A867-777448397A54}.Release|Win32.Build.0 = Release|Win32
		{B271B36A-D2A1-303F-A867-777448397A54}.MinSizeRel|Win32.ActiveCfg = MinSizeRel|Win32
		{B271B36A-D2A1-303F-A867-777448397A54}.MinSizeRel|Win32.Build.0 = MinSizeRel|Win32
		{B271B36A-D2A1-303F-A867-777448397A54}.RelWithDebInfo|Win32.ActiveCfg = RelWithDebInfo|Win32
		{B271B36A-D2A1-303F-A867-777448397A54}.RelWithDebInfo|Win32.Build.0 = RelWithDebInfo|Win32
		{895B1C5A-5A32-3446-B99F-7366C95CD7EB}.Debug|Win32.ActiveCfg = Debug|Win32
		{895B1C5A-5A32-3446-B99F-7366C95CD7EB}.Debug|Win32.Build.0 = Debug|Win32
		{895B1C5A-5A32-3446-B99F-7366C95CD7EB}.Release|Win32.ActiveCfg = Release|Win32
		{895B1C5A-5A32-3446-B99F-7366C95CD7EB}.Release|Win32.Build.0 = Release|Win32
		{895B1C5A-5A32-3446-B99F-7366C95CD7EB}.MinSizeRel|Win32.ActiveCfg = MinSizeRel|Win32
		{895B1C5A-5A32-3446-B99F-7366C95CD7EB}.MinSizeRel|Win32.Build.0 = MinSizeRel|Win32
		{895B1C5A-5A32-3446-B99F-7366C95CD7EB}.RelWithDebInfo|Win32.ActiveCfg = RelWithDebInfo|Win32
		{895B1C5A-5A32-3446-B99F-7366C95CD7EB}.RelWithDebInfo|Win32.Build.0 = RelWithDebInfo|Win32
		{FF37F3C9-C15C-304D-BB75-32AF7C7E8132}.Debug|Win32.ActiveCfg = Debug|Win32
		{FF37F3C9-C15C-304D-BB75-32AF7C7E8132}.Debug|Win32.Build.0 = Debug|Win32
		{FF37F3C9-C15C-304D-BB75-32AF7C7E8132}.Release|Win32.ActiveCfg = Release|Win32
		{FF37F3C9-C15C-304D-BB75-32AF7C7E8132}.Release|Win32.Build.0 = Release|Win32
		{FF37F3C9-C15C-304D-BB75-32AF7C7E8132}.MinSizeRel|Win32.ActiveCfg = MinSizeRel|Win32
		{FF37F3C9-C15C-304D-BB75-32AF7C7E8132}.MinSizeRel|Win32.Build.0 = MinSizeRel|Win32
		{FF37F3C9-C15C-304D-BB75-32AF7C7E8132}.RelWithDebInfo|Win32.ActiveCfg = RelWithDebInfo|Win32
		{FF37F3C9-C15C-304D-BB75-32AF7C7E8132}.RelWithDebInfo|Win32.Build.0 = RelWithDebInfo|Win32
		{72D86158-1860-39C3-83C6-BCF8704F79E6}.Debug|Win32.ActiveCfg = Debug|Win32
		{72D86158-1860-39C3-83C6-BCF8704F79E6}.Debug|Win32.Build.0 = Debug|Win32
		{72D86158-1860-39C3-83C6-BCF8704F79E6}.Release|Win32.ActiveCfg = Release|Win32
		{72D86158-1860-39C3-83C6-BCF8704F79E6}.Release|Win32.Build.0 = Release|Win32
		{72D86158-1860-39C3-83C6-BCF8704F79E6}.MinSizeRel|Win32.ActiveCfg = MinSizeRel|Win32
		{72D86158-1860-39C3-83C6-BCF8704F79E6}.MinSizeRel|Win32.Build.0 = MinSizeRel|Win32
		{72D86158-1860-39C3-83C6-BCF8704F79E6}.RelWithDebInfo|Win32.ActiveCfg = RelWithDebInfo|Win32
		{72D86158-1860-39C3-83C6-BCF8704F79E6}.RelWithDebInfo|Win32.Build.0 = RelWithDebInfo|Win32
		{7E6B5A02-A0F0-3780-9426-EEB9AC4E03AC}.Debug|Win32.ActiveCfg = Debug|Win32
		{7E6B5A02-A0F0-3780-9426-EEB9AC4E03AC}.Debug|Win32.Build.0 = Debug|Win32
		{7E6B5A02-A0F0-3780-9426-EEB9AC4E03AC}.Release|Win32.ActiveCfg = Release|Win32
		{7E6B5A02-A0F0-3780-9426-EEB9AC4E03AC}.Release|Win32.Build.0 = Release|Win32
		{7E6B5A02-A0F0-3780-9426-EEB9AC4E03AC}.MinSizeRel|Win32.ActiveCfg = MinSizeRel|Win32
		{7E6B5A02-A0F0-3780-9426-EEB9AC4E03AC}.MinSizeRel|Win32.Build.0 = MinSizeRel|Win32
		{7E6B5A02-A0F0-3780-9426-EEB9AC4E03AC}.RelWithDebInfo|Win32.ActiveCfg = RelWithDebInfo|Win32
		{7E6B5A02-A0F0-3780-9426-EEB9AC4E03AC}.RelWithDebInfo|Win32.Build.0 = RelWithDebInfo|Win32
		{54BE8A65-FE32-3A8D-B074-22BDF6BC7F2C}.Debug|Win32.ActiveCfg = Debug|Win32
		{54BE8A65-FE32-3A8D-B074-22BDF6BC7F2C}.Debug|Win32.Build.0 = Debug|Win32
		{54BE8A65-FE32-3A8D-B074-22BDF6BC7F2C}.Release|Win32.ActiveCfg = Release|Win32
		{54BE8A65-FE32-3A8D-B074-22BDF6BC7F2C}.Release|Win32.Build.0 = Release|Win32
		{54BE8A65-FE32-3A8D-B074-22BDF6BC7F2C}.MinSizeRel|Win32.ActiveCfg = MinSizeRel|Win32
		{54BE8A65-FE32-3A8D-B074-22BDF6BC7F2C}.MinSizeRel|Win32.Build.0 = MinSizeRel|Win32
		{54BE8A65-FE32-3A8D-B074-22BDF6BC7F2C}.RelWithDebInfo|Win32.ActiveCfg = RelWithDebInfo|Win32
		{54BE8A65-FE32-3A8D-B074-22BDF6BC7F2C}.RelWithDebInfo|Win32.Build.0 = RelWithDebInfo|Win32
		{46AEC085-DF35-3926-A194-FA343DFC0B71}.Debug|Win32.ActiveCfg = Debug|Win32
		{46AEC085-DF35-3926-A194-FA343DFC0B71}.Debug|Win32.Build.0 = Debug|Win32
		{46AEC085-DF35-3926-A194-FA343DFC0B71}.Release|Win32.ActiveCfg = Release|Win32
		{46AEC085-DF35-3926-A194-FA343DFC0B71}.Release|Win32.Build.0 = Release|Win32
		{46AEC085-DF35-3926-A194-FA343DFC0B71}.MinSizeRel|Win32.ActiveCfg = MinSizeRel|Win32
		{46AEC085-DF35-3926-A194-FA343DFC0B71}.MinSizeRel|Win32.Build.0 = MinSizeRel|Win32
		{46AEC085-DF35-3926-A194-FA343DFC0B71}.RelWithDebInfo|Win32.ActiveCfg = RelWithDebInfo|Win32
		{46AEC085-DF35-3926-A194-FA343DFC0B71}.RelWithDebInfo|Win32.Build.0 = RelWithDebInfo|Win32
		{04C8D6EB-835A-3F18-8986-3FA7612708AC}.Debug|Win32.ActiveCfg = Debug|Win32
		{04C8D6EB-835A-3F18-8986-3FA7612708AC}.Debug|Win32.Build.0 = Debug|Win32
		{04C8D6EB-835A-3F18-8986-3FA7612708AC}.Release|Win32.ActiveCfg = Release|Win32
		{04C8D6EB-835A-3F18-8986-3FA7612708AC}.Release|Win32.Build.0 = Release|Win32
		{04C8D6EB-835A-3F18-8986-3FA7612708AC}.MinSizeRel|Win32.ActiveCfg = MinSizeRel|Win32
		{04C8D6EB-835A-3F18-8986-3FA7612708AC}.MinSizeRel|Win32.Build.0 = MinSizeRel|Win32
		{04C8D6EB-835A-3F18-8986-3FA7612708AC}.RelWithDebInfo|Win32.ActiveCfg = RelWithDebInfo|Win32
		{04C8D6EB-835A-3F18-8986-3FA7612708AC}.RelWithDebInfo|Win32.Build.0 = RelWithDebInfo|Win32
		{3FB2861E-781D-37E2-855E-65137B5B4C7A}.Debug|Win32.ActiveCfg = Debug|Win32
		{3FB2861E-781D-37E2-855E-65137B5B4C7A}.Debug|Win32.Build.0 = Debug|Win32
		{3FB2861E-781D-37E2-855E-65137B5B4C7A}.Release|Win32.ActiveCfg = Release|Win32
		{3FB2861E-781D-37E2-855E-65137B5B4C7A}.Release|Win32.Build.0 = Release|Win32
		{3FB2861E-781D-37E2-855E-65137B5B4C7A}.MinSizeRel|Win32.ActiveCfg = MinSizeRel|Win32
		{3FB2861E-781D-37E2-855E-65137B5B4C7A}.MinSizeRel|Win32.Build.0 = MinSizeRel|Win32
		{3FB2861E-781D-37E2-855E-65137B5B4C7A}.RelWithDebInfo|Win32.ActiveCfg = RelWithDebInfo|Win32
		{3FB2861E-781D-37E2-855E-65137B5B4C7A}.RelWithDebInfo|Win32.Build.0 = RelWithDebInfo|Win32
		{9E5CD5EA-8C13-3939-9E87-ADB662B6EAD4}.Debug|Win32.ActiveCfg = Debug|Win32
		{9E5CD5EA-8C13-3939-9E87-ADB662B6EAD4}.Debug|Win32.Build.0 = Debug|Win32
		{9E5CD5EA-8C13-3939-9E87-ADB662B6EAD4}.Release|Win32.ActiveCfg = Release|Win32
		{9E5CD5EA-8C13-3939-9E87-ADB662B6EAD4}.Release|Win32.Build.0 = Release|Win32
		{9E5CD5EA-8C13-3939-9E87-ADB662B6EAD4}.MinSizeRel|Win32.ActiveCfg = MinSizeRel|Win32
		{9E5CD5EA-8C13-3939-9E87-ADB662B6EAD4}.MinSizeRel|Win32.Build.0 = MinSizeRel|Win32
		{9E5CD5EA-8C13-3939-9E87-ADB662B6EAD4}.RelWithDebInfo|Win32.ActiveCfg = RelWithDebInfo|Win32
		{9E5CD5EA-8C13-3939-9E87-ADB662B6EAD4}.RelWithDebInfo|Win32.Build.0 = RelWithDebInfo|Win32
		{73BADEBC-AC3E-36BA-85F0-DB89365D5E95}.Debug|Win32.ActiveCfg = Debug|Win32
		{73BADEBC-AC3E-36BA-85F0-DB89365D5E95}.Debug|Win32.Build.0 = Debug|Win32
		{73BADEBC-AC3E-36BA-85F0-DB89365D5E95}.Release|Win32.ActiveCfg = Release|Win32
		{73BADEBC-AC3E-36BA-85F0-DB89365D5E95}.Release|Win32.Build.0 = Release|Win32
		{73BADEBC-AC3E-36BA-85F0-DB89365D5E95}.MinSizeRel|Win32.ActiveCfg = MinSizeRel|Win32
		{73BADEBC-AC3E-36BA-85F0-DB89365D5E95}.MinSizeRel|Win32.Build.0 = MinSizeRel|Win32
		{73BADEBC-AC3E-36BA-85F0-DB89365D5E95}.RelWithDebInfo|Win32.ActiveCfg = RelWithDebInfo|Win32
		{73BADEBC-AC3E-36BA-85F0-DB89365D5E95}.RelWithDebInfo|Win32.Build.0 = RelWithDebInfo|Win32
		{0FA0ED25-E4D5-3EA7-889D-911796F65482}.Debug|Win32.ActiveCfg = Debug|Win32
		{0FA0ED25-E4D5-3EA7-889D-911796F65482}.Debug|Win32.Build.0 = Debug|Win32
		{0FA0ED25-E4D5-3EA7-889D-911796F65482}.Release|Win32.ActiveCfg = Release|Win32
		{0FA0ED25-E4D5-3EA7-889D-911796F65482}.Release|Win32.Build.0 = Release|Win32
		{0FA0ED25-E4D5-3EA7-889D-911796F65482}.MinSizeRel|Win32.ActiveCfg = MinSizeRel|Win32
		{0FA0ED25-E4D5-3EA7-889D-911796F65482}.MinSizeRel|Win32.Build.0 = MinSizeRel|Win32
		{0FA0ED25-E4D5-3EA7-889D-911796F65482}.RelWithDebInfo|Win32.ActiveCfg = RelWithDebInfo|Win32
		{0FA0ED25-E4D5-3EA7-889D-911796F65482}.RelWithDebInfo|Win32.Build.0 = RelWithDebInfo|Win32
		{5035DE73-08B4-32D0-927D-0097E4DFD0F5}.Debug|Win32.ActiveCfg = Debug|Win32
		{5035DE73-08B4-32D0-927D-0097E4DFD0F5}.Debug|Win32.Build.0 = Debug|Win32
		{5035DE73-08B4-32D0-927D-0097E4DFD0F5}.Release|Win32.ActiveCfg = Release|Win32
		{5035DE73-08B4-32D0-927D-0097E4DFD0F5}.Release|Win32.Build.0 = Release|Win32
		{5035DE73-08B4-32D0-927D-0097E4DFD0F5}.MinSizeRel|Win32.ActiveCfg = MinSizeRel|Win32
		{5035DE73-08B4-32D0-927D-0097E4DFD0F5}.MinSizeRel|Win32.Build.0 = MinSizeRel|Win32
		{5035DE73-08B4-32D0-927D-0097E4DFD0F5}.RelWithDebInfo|Win32.ActiveCfg = RelWithDebInfo|Win32
		{5035DE73-08B4-32D0-927D-0097E4DFD0F5}.RelWithDebInfo|Win32.Build.0 = RelWithDebInfo|Win32
		{C4236897-5D41-3B3D-899A-EC0DFCA30471}.Debug|Win32.ActiveCfg = Debug|Win32
		{C4236897-5D41-3B3D-899A-EC0DFCA30471}.Debug|Win32.Build.0 = Debug|Win32
		{C4236897-5D41-3B3D-899A-EC0DFCA30471}.Release|Win32.ActiveCfg = Release|Win32
		{C4236897-5D41-3B3D-899A-EC0DFCA30471}.Release|Win32.Build.0 = Release|Win32
		{C4236897-5D41-3B3D-899A-EC0DFCA30471}.MinSizeRel|Win32.ActiveCfg = MinSizeRel|Win32
		{C4236897-5D41-3B3D-899A-EC0DFCA30471}.MinSizeRel|Win32.Build.0 = MinSizeRel|Win32
		{C4236897-5D41-3B3D-899A-EC0DFCA30471}.RelWithDebInfo|Win32.ActiveCfg = RelWithDebInfo|Win32
		{C4236897-5D41-3B3D-899A-EC0DFCA30471}.RelWithDebInfo|Win32.Build.0 = RelWithDebInfo|Win32
		{7F1B1924-CBF4-30D4-B891-3050E23B8274}.Debug|Win32.ActiveCfg = Debug|Win32
		{7F1B1924-CBF4-30D4-B891-3050E23B8274}.Debug|Win32.Build.0 = Debug|Win32
		{7F1B1924-CBF4-30D4-B891-3050E23B8274}.Release|Win32.ActiveCfg = Release|Win32
		{7F1B1924-CBF4-30D4-B891-3050E23B8274}.Release|Win32.Build.0 = Release|Win32
		{7F1B1924-CBF4-30D4-B891-3050E23B8274}.MinSizeRel|Win32.ActiveCfg = MinSizeRel|Win32
		{7F1B1924-CBF4-30D4-B891-3050E23B8274}.MinSizeRel|Win32.Build.0 = MinSizeRel|Win32
		{7F1B1924-CBF4-30D4-B891-3050E23B8274}.RelWithDebInfo|Win32.ActiveCfg = RelWithDebInfo|Win32
		{7F1B1924-CBF4-30D4-B891-3050E23B8274}.RelWithDebInfo|Win32.Build.0 = RelWithDebInfo|Win32
	EndGlobalSection
	GlobalSection(ExtensibilityGlobals) = postSolution
		SolutionGuid = {55C37F20-D76F-3EA6-BAEE-1B7B4C645D07}
	EndGlobalSection
	GlobalSection(ExtensibilityAddIns) = postSolution
	EndGlobalSection
EndGlobal
